
Microsoft Visual Studio Solution File, Format Version 12.00
# Visual Studio Version 17
VisualStudioVersion = 17.8.34309.116
MinimumVisualStudioVersion = 10.0.40219.1
Project("{FAE04EC0-301F-11D3-BF4B-00C04F79EFBC}") = "Garage 3 MVCEF", "Garage 3 MVCEF.csproj", "{0CF671CF-BB02-49C8-90A9-FD85B16D7D82}"
EndProject
Global
	GlobalSection(SolutionConfigurationPlatforms) = preSolution
		Debug|Any CPU = Debug|Any CPU
		Release|Any CPU = Release|Any CPU
	EndGlobalSection
	GlobalSection(ProjectConfigurationPlatforms) = postSolution
		{0CF671CF-BB02-49C8-90A9-FD85B16D7D82}.Debug|Any CPU.ActiveCfg = Debug|Any CPU
		{0CF671CF-BB02-49C8-90A9-FD85B16D7D82}.Debug|Any CPU.Build.0 = Debug|Any CPU
		{0CF671CF-BB02-49C8-90A9-FD85B16D7D82}.Release|Any CPU.ActiveCfg = Release|Any CPU
		{0CF671CF-BB02-49C8-90A9-FD85B16D7D82}.Release|Any CPU.Build.0 = Release|Any CPU
	EndGlobalSection
	GlobalSection(SolutionProperties) = preSolution
		HideSolutionNode = FALSE
	EndGlobalSection
	GlobalSection(ExtensibilityGlobals) = postSolution
		SolutionGuid = {A1A95D71-F47D-49B8-84B4-1D8CBADC9552}
	EndGlobalSection
EndGlobal
